{
  "name": "test",
  "lockfileVersion": 3,
  "requires": true,
  "packages": {
    "": {
      "dependencies": {
        "lib-pareto-test": "^0.50.0",
        "pareto-core-async": "^0.14.1",
        "pareto-core-data": "^0.7.0",
        "pareto-core-dev": "^0.9.0",
        "pareto-core-exe": "^0.21.1",
        "pareto-core-lib": "^0.26.0",
        "pareto-core-map": "^0.7.0",
        "pareto-core-state": "^0.20.0",
        "res-pareto-main": "^0.37.0"
      }
    },
    "node_modules/diff": {
      "version": "5.2.0",
      "resolved": "https://registry.npmjs.org/diff/-/diff-5.2.0.tgz",
      "integrity": "sha512-uIFDxqpRZGZ6ThOk84hEfqWoHx2devRFvpTZcTHur85vImfaxUbTW9Ryh4CpCuDnToOP1CEtXKIgytHBPVff5A==",
      "license": "BSD-3-Clause",
      "engines": {
        "node": ">=0.3.1"
      }
    },
    "node_modules/glo-pareto-common": {
      "version": "0.32.0",
      "resolved": "https://registry.npmjs.org/glo-pareto-common/-/glo-pareto-common-0.32.0.tgz",
      "integrity": "sha512-Z/BMXnwlp9yoKBiFR+KP3O00mzz5LVFhP3gva8yjs37G2kJWKjoYT4IlI31aF83zKdX2TS8+UwHJEj8tHCaMmg==",
      "license": "TBD",
      "dependencies": {
        "pareto-core-types": "^0.15.1"
      }
    },
    "node_modules/lib-pareto-filesystem": {
      "version": "0.54.0",
      "resolved": "https://registry.npmjs.org/lib-pareto-filesystem/-/lib-pareto-filesystem-0.54.0.tgz",
      "integrity": "sha512-XHWWw3b0qPkdMrcjSBzXC+3pGlpMV+ujQpKJL6S5AND42EHNQ21iQ9hGR8SYl6jv3QOjfUNbv2CG6r1UnPmr0g==",
      "license": "TBD",
      "dependencies": {
        "pareto-core-async": "^0.13.1",
        "pareto-core-data": "^0.6.1",
        "pareto-core-dev": "^0.6.1",
        "pareto-core-lib": "^0.25.1",
        "pareto-core-map": "^0.6.1",
        "pareto-core-state": "^0.19.1",
        "res-pareto-filesystem": "^0.72.0"
      }
    },
    "node_modules/lib-pareto-filesystem/node_modules/pareto-core-async": {
      "version": "0.13.1",
      "resolved": "https://registry.npmjs.org/pareto-core-async/-/pareto-core-async-0.13.1.tgz",
      "integrity": "sha512-nLhPzMApvYRPjfBoKWdrvaN6kp8T2AFUnkQ9xh0VUuXiDnD4+IgarY9SXkwJNoDHXxp1lCp+RxA0q7Rna0gJFw==",
      "license": "ISC",
      "dependencies": {
        "pareto-core-internals": "^0.19.2"
      }
    },
    "node_modules/lib-pareto-filesystem/node_modules/pareto-core-data": {
      "version": "0.6.1",
      "resolved": "https://registry.npmjs.org/pareto-core-data/-/pareto-core-data-0.6.1.tgz",
      "integrity": "sha512-9vw6r0q4AjmTzCtJ0W6NtQRz4LjpTwxZMQeDymSMBIfi0HrGQul15RcEOdYOndqgPmT9Ecx/kD0x7Urzy06lbQ==",
      "license": "ISC",
      "dependencies": {
        "pareto-core-internals": "^0.19.2"
      }
    },
    "node_modules/lib-pareto-filesystem/node_modules/pareto-core-dev": {
      "version": "0.6.1",
      "resolved": "https://registry.npmjs.org/pareto-core-dev/-/pareto-core-dev-0.6.1.tgz",
      "integrity": "sha512-+mI3Pb5LBjJMw+Q9l+MZQVy23bZzUb2GomrUDrsqZgS5892lOvBfwNMpgOerW/VFs2HnrpW0z6qR6Xy9dNqBxw==",
      "license": "ISC",
      "dependencies": {
        "pareto-core-internals": "^0.19.2"
      }
    },
    "node_modules/lib-pareto-filesystem/node_modules/pareto-core-internals": {
      "version": "0.19.2",
      "resolved": "https://registry.npmjs.org/pareto-core-internals/-/pareto-core-internals-0.19.2.tgz",
      "integrity": "sha512-xlQeRYuHIN/d2ycc6722/Z3bgiVf8+XI5T6w7VcHkv01Q4kXXujk3biMV9Wi/Tjnd1lSHp5hRBHQMS9+6rRUVg==",
      "license": "ISC",
      "dependencies": {
        "pareto-core-types": "^0.15.0"
      }
    },
    "node_modules/lib-pareto-filesystem/node_modules/pareto-core-lib": {
      "version": "0.25.1",
      "resolved": "https://registry.npmjs.org/pareto-core-lib/-/pareto-core-lib-0.25.1.tgz",
      "integrity": "sha512-Xk7itf67iDZcHIIlzKE1JZVCxgpDt5bHBWXaenxaivF/x2BKjyQTYc/q15YoYHY97BLnHU7iU6McRkAjgzQcwg==",
      "license": "ISC",
      "dependencies": {
        "pareto-core-internals": "^0.19.2"
      }
    },
    "node_modules/lib-pareto-filesystem/node_modules/pareto-core-map": {
      "version": "0.6.1",
      "resolved": "https://registry.npmjs.org/pareto-core-map/-/pareto-core-map-0.6.1.tgz",
      "integrity": "sha512-R2gw9QnWw+dL/cqqfLjkhtDfDvqaEjl7Kia++D7Xl1fh0gpdFhT5E6+qLInyIitdVw+HHq7o8mFRT43T1rOQKg==",
      "license": "ISC",
      "dependencies": {
        "pareto-core-internals": "^0.19.2"
      }
    },
    "node_modules/lib-pareto-filesystem/node_modules/pareto-core-state": {
      "version": "0.19.1",
      "resolved": "https://registry.npmjs.org/pareto-core-state/-/pareto-core-state-0.19.1.tgz",
      "integrity": "sha512-usedIa6rQ2TDnCsZAsWRcA0Mi9QGo8a7uBJEv/ayFlKZJZ5oFqNs9yvMmLICcUVGsS7ad76LGWNIRrrdda0JhA==",
      "license": "ISC",
      "dependencies": {
        "pareto-core-internals": "^0.19.2"
      }
    },
    "node_modules/lib-pareto-test": {
      "version": "0.50.0",
      "resolved": "https://registry.npmjs.org/lib-pareto-test/-/lib-pareto-test-0.50.0.tgz",
      "integrity": "sha512-XMgVsBOsgmBs1TOz6J5C74RyODqYMDQvuOA7eJAB7gns0D8uYnw29y1ADBVMbQu4W0YnAaIDNg7tLPHegHLU5w==",
      "license": "TBD",
      "dependencies": {
        "glo-pareto-common": "^0.32.0",
        "lib-pareto-filesystem": "^0.54.0",
        "pareto-core-async": "^0.13.1",
        "pareto-core-data": "^0.6.1",
        "pareto-core-dev": "^0.6.1",
        "pareto-core-lib": "^0.25.1",
        "pareto-core-map": "^0.6.1",
        "pareto-core-state": "^0.19.1",
        "res-pareto-arithmetic": "^0.31.0",
        "res-pareto-array": "^0.9.0",
        "res-pareto-boolean": "^0.33.0",
        "res-pareto-collation": "^0.39.0",
        "res-pareto-diff": "^0.42.0",
        "res-pareto-foreach": "^0.22.0",
        "res-pareto-main": "^0.37.0"
      }
    },
    "node_modules/lib-pareto-test/node_modules/pareto-core-async": {
      "version": "0.13.1",
      "resolved": "https://registry.npmjs.org/pareto-core-async/-/pareto-core-async-0.13.1.tgz",
      "integrity": "sha512-nLhPzMApvYRPjfBoKWdrvaN6kp8T2AFUnkQ9xh0VUuXiDnD4+IgarY9SXkwJNoDHXxp1lCp+RxA0q7Rna0gJFw==",
      "license": "ISC",
      "dependencies": {
        "pareto-core-internals": "^0.19.2"
      }
    },
    "node_modules/lib-pareto-test/node_modules/pareto-core-data": {
      "version": "0.6.1",
      "resolved": "https://registry.npmjs.org/pareto-core-data/-/pareto-core-data-0.6.1.tgz",
      "integrity": "sha512-9vw6r0q4AjmTzCtJ0W6NtQRz4LjpTwxZMQeDymSMBIfi0HrGQul15RcEOdYOndqgPmT9Ecx/kD0x7Urzy06lbQ==",
      "license": "ISC",
      "dependencies": {
        "pareto-core-internals": "^0.19.2"
      }
    },
    "node_modules/lib-pareto-test/node_modules/pareto-core-dev": {
      "version": "0.6.1",
      "resolved": "https://registry.npmjs.org/pareto-core-dev/-/pareto-core-dev-0.6.1.tgz",
      "integrity": "sha512-+mI3Pb5LBjJMw+Q9l+MZQVy23bZzUb2GomrUDrsqZgS5892lOvBfwNMpgOerW/VFs2HnrpW0z6qR6Xy9dNqBxw==",
      "license": "ISC",
      "dependencies": {
        "pareto-core-internals": "^0.19.2"
      }
    },
    "node_modules/lib-pareto-test/node_modules/pareto-core-internals": {
      "version": "0.19.2",
      "resolved": "https://registry.npmjs.org/pareto-core-internals/-/pareto-core-internals-0.19.2.tgz",
      "integrity": "sha512-xlQeRYuHIN/d2ycc6722/Z3bgiVf8+XI5T6w7VcHkv01Q4kXXujk3biMV9Wi/Tjnd1lSHp5hRBHQMS9+6rRUVg==",
      "license": "ISC",
      "dependencies": {
        "pareto-core-types": "^0.15.0"
      }
    },
    "node_modules/lib-pareto-test/node_modules/pareto-core-lib": {
      "version": "0.25.1",
      "resolved": "https://registry.npmjs.org/pareto-core-lib/-/pareto-core-lib-0.25.1.tgz",
      "integrity": "sha512-Xk7itf67iDZcHIIlzKE1JZVCxgpDt5bHBWXaenxaivF/x2BKjyQTYc/q15YoYHY97BLnHU7iU6McRkAjgzQcwg==",
      "license": "ISC",
      "dependencies": {
        "pareto-core-internals": "^0.19.2"
      }
    },
    "node_modules/lib-pareto-test/node_modules/pareto-core-map": {
      "version": "0.6.1",
      "resolved": "https://registry.npmjs.org/pareto-core-map/-/pareto-core-map-0.6.1.tgz",
      "integrity": "sha512-R2gw9QnWw+dL/cqqfLjkhtDfDvqaEjl7Kia++D7Xl1fh0gpdFhT5E6+qLInyIitdVw+HHq7o8mFRT43T1rOQKg==",
      "license": "ISC",
      "dependencies": {
        "pareto-core-internals": "^0.19.2"
      }
    },
    "node_modules/lib-pareto-test/node_modules/pareto-core-state": {
      "version": "0.19.1",
      "resolved": "https://registry.npmjs.org/pareto-core-state/-/pareto-core-state-0.19.1.tgz",
      "integrity": "sha512-usedIa6rQ2TDnCsZAsWRcA0Mi9QGo8a7uBJEv/ayFlKZJZ5oFqNs9yvMmLICcUVGsS7ad76LGWNIRrrdda0JhA==",
      "license": "ISC",
      "dependencies": {
        "pareto-core-internals": "^0.19.2"
      }
    },
    "node_modules/pareto-core-async": {
      "version": "0.14.1",
      "resolved": "https://registry.npmjs.org/pareto-core-async/-/pareto-core-async-0.14.1.tgz",
      "integrity": "sha512-0zIz95yF3I0/mZAwQpkWHB8k7PUAy/ecODiBGbMZBDGRBOW292pmMUau4aZF22m5BWpBlhOEHhYeDiSxCudjYA==",
      "license": "ISC",
      "dependencies": {
        "pareto-core-internals": "^0.21.0"
      }
    },
    "node_modules/pareto-core-data": {
      "version": "0.7.0",
      "resolved": "https://registry.npmjs.org/pareto-core-data/-/pareto-core-data-0.7.0.tgz",
      "integrity": "sha512-NB617uROeyVMCWobNUchTYnMqNzvpxn7kHzYQ8aWDwctHKepBe2zYKqstGOoQYs34nsh/R3ymq0rFwGYc/+jsQ==",
      "license": "ISC",
      "dependencies": {
        "pareto-core-internals": "^0.21.0"
      }
    },
    "node_modules/pareto-core-dev": {
      "version": "0.9.0",
      "resolved": "https://registry.npmjs.org/pareto-core-dev/-/pareto-core-dev-0.9.0.tgz",
      "integrity": "sha512-/D8Js2Fa8mE/FEXdNlcgbK4X27yCPXdyCje5jPZBzlV+ifBVHvK0KQpfRLNzKlCF3NF7NaltvpZXj83WbnibvQ==",
      "license": "ISC",
      "dependencies": {
        "pareto-core-internals": "^0.22.0"
      }
    },
    "node_modules/pareto-core-dev/node_modules/pareto-core-internals": {
      "version": "0.22.0",
      "resolved": "https://registry.npmjs.org/pareto-core-internals/-/pareto-core-internals-0.22.0.tgz",
      "integrity": "sha512-WPgGnHl96DTS75dDBytuNR4U6gMs5STfRsCnRldAhbDZ/Z+4Kc843H6Yi+/InmcowpxMoQSINPo8AoNwO9gpyA==",
      "license": "ISC",
      "dependencies": {
        "pareto-core-types": "^0.16.1"
      }
    },
    "node_modules/pareto-core-dev/node_modules/pareto-core-types": {
      "version": "0.16.2",
      "resolved": "https://registry.npmjs.org/pareto-core-types/-/pareto-core-types-0.16.2.tgz",
      "integrity": "sha512-3rnXvi3vlt80nS/fhAqy0Z4+d7t+tv5vMgg1GwMjeAzqEACGoW+djaGHGoX4XajKO3sUPHG81+f6qJuG2BhK3A==",
      "license": "ISC"
    },
    "node_modules/pareto-core-exe": {
      "version": "0.21.1",
      "resolved": "https://registry.npmjs.org/pareto-core-exe/-/pareto-core-exe-0.21.1.tgz",
      "integrity": "sha512-MwroY2gsNXQyVfENxfI4CGrXhs9D5Sdgm9VAJRUrWVrcO3EhI326w7LJzog3NE5Iag4w1u1ubGQC4NTaB0UmyA==",
      "license": "ISC",
      "dependencies": {
        "pareto-core-internals": "^0.19.2"
      }
    },
    "node_modules/pareto-core-exe/node_modules/pareto-core-internals": {
      "version": "0.19.2",
      "resolved": "https://registry.npmjs.org/pareto-core-internals/-/pareto-core-internals-0.19.2.tgz",
      "integrity": "sha512-xlQeRYuHIN/d2ycc6722/Z3bgiVf8+XI5T6w7VcHkv01Q4kXXujk3biMV9Wi/Tjnd1lSHp5hRBHQMS9+6rRUVg==",
      "license": "ISC",
      "dependencies": {
        "pareto-core-types": "^0.15.0"
      }
    },
    "node_modules/pareto-core-internals": {
      "version": "0.21.0",
      "resolved": "https://registry.npmjs.org/pareto-core-internals/-/pareto-core-internals-0.21.0.tgz",
      "integrity": "sha512-aab6US8F5wpKEGWUjq01sqBdWSOmnSkHYQeymSpF/xIFa747NI3eeJmLokXR3bO4jVvIwauI5CvNyPYv4K7cDw==",
      "license": "ISC",
      "dependencies": {
        "pareto-core-types": "^0.16.1"
      }
    },
    "node_modules/pareto-core-internals/node_modules/pareto-core-types": {
      "version": "0.16.2",
      "resolved": "https://registry.npmjs.org/pareto-core-types/-/pareto-core-types-0.16.2.tgz",
      "integrity": "sha512-3rnXvi3vlt80nS/fhAqy0Z4+d7t+tv5vMgg1GwMjeAzqEACGoW+djaGHGoX4XajKO3sUPHG81+f6qJuG2BhK3A==",
      "license": "ISC"
    },
    "node_modules/pareto-core-lib": {
      "version": "0.26.0",
      "resolved": "https://registry.npmjs.org/pareto-core-lib/-/pareto-core-lib-0.26.0.tgz",
      "integrity": "sha512-bOkVjIRJU1yIZ/r1YdTby5f3ww6p/Afcoq+fFELmHxo5BvbeDVVwL4F9EOZraHYhOfG2ZSQXrxd7w2txOa5ZvA==",
      "license": "ISC",
      "dependencies": {
        "pareto-core-internals": "^0.21.0"
      }
    },
    "node_modules/pareto-core-map": {
      "version": "0.7.0",
      "resolved": "https://registry.npmjs.org/pareto-core-map/-/pareto-core-map-0.7.0.tgz",
      "integrity": "sha512-EzTonPY/ye8tQzK/jzGBlOhfnYrMJFjpgIXaxfBnmyai96PZUXTgmkV34d1JAZ311+w580m1ZZ2pb1j09EEzTw==",
      "license": "ISC",
      "dependencies": {
        "pareto-core-internals": "^0.21.0"
      }
    },
    "node_modules/pareto-core-state": {
      "version": "0.20.0",
      "resolved": "https://registry.npmjs.org/pareto-core-state/-/pareto-core-state-0.20.0.tgz",
      "integrity": "sha512-niAD1o9KpEPS4Gb8uc/In7w1qvyOlQ8npHNUc6n7NwFC8gUs4ZT07VQ/qjgq08B2igAHQO3DkNMusj9jAo5RUA==",
      "license": "ISC",
      "dependencies": {
        "pareto-core-internals": "^0.21.0"
      }
    },
    "node_modules/pareto-core-types": {
      "version": "0.15.3",
      "resolved": "https://registry.npmjs.org/pareto-core-types/-/pareto-core-types-0.15.3.tgz",
      "integrity": "sha512-A3eAHNWfUwZpzX4SErEfiMNRTwTRMk7PXKOyUooVDAJCyfU1d6VDfDsh1hXac2clJTdI9axo8HhKYf2rGWqYqA==",
      "license": "ISC"
    },
    "node_modules/res-pareto-arithmetic": {
      "version": "0.31.0",
      "resolved": "https://registry.npmjs.org/res-pareto-arithmetic/-/res-pareto-arithmetic-0.31.0.tgz",
      "integrity": "sha512-CyTR7/liQ/9KMuP8r4hv1CYJz9h/SBHmMZCYTfy9tIb6zpNlspjFVdqwAnL3a+bmUwPYosLYsAIL3K0yB7U93w==",
      "license": "TBD",
      "dependencies": {
        "glo-pareto-common": "^0.32.0",
        "pareto-core-internals": "^0.19.2"
      }
    },
    "node_modules/res-pareto-arithmetic/node_modules/pareto-core-internals": {
      "version": "0.19.2",
      "resolved": "https://registry.npmjs.org/pareto-core-internals/-/pareto-core-internals-0.19.2.tgz",
      "integrity": "sha512-xlQeRYuHIN/d2ycc6722/Z3bgiVf8+XI5T6w7VcHkv01Q4kXXujk3biMV9Wi/Tjnd1lSHp5hRBHQMS9+6rRUVg==",
      "license": "ISC",
      "dependencies": {
        "pareto-core-types": "^0.15.0"
      }
    },
    "node_modules/res-pareto-array": {
      "version": "0.9.0",
      "resolved": "https://registry.npmjs.org/res-pareto-array/-/res-pareto-array-0.9.0.tgz",
      "integrity": "sha512-tJN6k5HnXhSRJ4O19W2Hs6uSUKOpZMdI0GeII51OlRGGWMPkx3Ujtg2Us2LkPNkajeHfSkdQW9GCV4m9vbZIFw==",
      "license": "TBD",
      "dependencies": {
        "glo-pareto-common": "^0.32.0",
        "pareto-core-internals": "^0.19.2"
      }
    },
    "node_modules/res-pareto-array/node_modules/pareto-core-internals": {
      "version": "0.19.2",
      "resolved": "https://registry.npmjs.org/pareto-core-internals/-/pareto-core-internals-0.19.2.tgz",
      "integrity": "sha512-xlQeRYuHIN/d2ycc6722/Z3bgiVf8+XI5T6w7VcHkv01Q4kXXujk3biMV9Wi/Tjnd1lSHp5hRBHQMS9+6rRUVg==",
      "license": "ISC",
      "dependencies": {
        "pareto-core-types": "^0.15.0"
      }
    },
    "node_modules/res-pareto-boolean": {
      "version": "0.33.0",
      "resolved": "https://registry.npmjs.org/res-pareto-boolean/-/res-pareto-boolean-0.33.0.tgz",
      "integrity": "sha512-lJ9cCj145FDzyxNd9W/kYpIpBZsMhr+YBhcp2cZkowdELu48QskYmnKN3gWTho+4+9KEUtVbT+r5okvaWFe+Hw==",
      "license": "TBD",
      "dependencies": {
        "glo-pareto-common": "^0.32.0",
        "pareto-core-internals": "^0.19.2"
      }
    },
    "node_modules/res-pareto-boolean/node_modules/pareto-core-internals": {
      "version": "0.19.2",
      "resolved": "https://registry.npmjs.org/pareto-core-internals/-/pareto-core-internals-0.19.2.tgz",
      "integrity": "sha512-xlQeRYuHIN/d2ycc6722/Z3bgiVf8+XI5T6w7VcHkv01Q4kXXujk3biMV9Wi/Tjnd1lSHp5hRBHQMS9+6rRUVg==",
      "license": "ISC",
      "dependencies": {
        "pareto-core-types": "^0.15.0"
      }
    },
    "node_modules/res-pareto-collation": {
      "version": "0.39.0",
      "resolved": "https://registry.npmjs.org/res-pareto-collation/-/res-pareto-collation-0.39.0.tgz",
      "integrity": "sha512-tY5GKNqN31db9r32la6wMxs9JfXPTYH8leihWX2aqhlAp7Y7YDeuhp+gjO/4OGbK1nQtGKs7T5IKxaxxNOSt1Q==",
      "license": "TBD",
      "dependencies": {
        "glo-pareto-common": "^0.32.0",
        "pareto-core-internals": "^0.19.2"
      }
    },
    "node_modules/res-pareto-collation/node_modules/pareto-core-internals": {
      "version": "0.19.2",
      "resolved": "https://registry.npmjs.org/pareto-core-internals/-/pareto-core-internals-0.19.2.tgz",
      "integrity": "sha512-xlQeRYuHIN/d2ycc6722/Z3bgiVf8+XI5T6w7VcHkv01Q4kXXujk3biMV9Wi/Tjnd1lSHp5hRBHQMS9+6rRUVg==",
      "license": "ISC",
      "dependencies": {
        "pareto-core-types": "^0.15.0"
      }
    },
    "node_modules/res-pareto-diff": {
      "version": "0.42.0",
      "resolved": "https://registry.npmjs.org/res-pareto-diff/-/res-pareto-diff-0.42.0.tgz",
      "integrity": "sha512-LhM+R8AvI5SIZ1zPJxzOGO8FqzFFGlcstbt1jfWmvpcPt+/TuhuMoEErG1oSv+AWPqQGyiCvLS+1nWo04MFIIg==",
      "license": "TBD",
      "dependencies": {
        "diff": "^5.1.0",
        "glo-pareto-common": "^0.32.0",
        "pareto-core-internals": "^0.19.2"
      }
    },
    "node_modules/res-pareto-diff/node_modules/pareto-core-internals": {
      "version": "0.19.2",
      "resolved": "https://registry.npmjs.org/pareto-core-internals/-/pareto-core-internals-0.19.2.tgz",
      "integrity": "sha512-xlQeRYuHIN/d2ycc6722/Z3bgiVf8+XI5T6w7VcHkv01Q4kXXujk3biMV9Wi/Tjnd1lSHp5hRBHQMS9+6rRUVg==",
      "license": "ISC",
      "dependencies": {
        "pareto-core-types": "^0.15.0"
      }
    },
    "node_modules/res-pareto-filesystem": {
      "version": "0.72.0",
      "resolved": "https://registry.npmjs.org/res-pareto-filesystem/-/res-pareto-filesystem-0.72.0.tgz",
      "integrity": "sha512-FRUIF95mKtNCMNbJZGYX4a4YrbfmTlb0FTwXx0Hll0VVHQZ8WblBVqLi0WLYQEjhkYUg1tFXrr39OPGgDSL/pw==",
      "license": "TBD",
      "dependencies": {
        "glo-pareto-common": "^0.32.0",
        "pareto-core-internals": "^0.19.2"
      }
    },
    "node_modules/res-pareto-filesystem/node_modules/pareto-core-internals": {
      "version": "0.19.2",
      "resolved": "https://registry.npmjs.org/pareto-core-internals/-/pareto-core-internals-0.19.2.tgz",
      "integrity": "sha512-xlQeRYuHIN/d2ycc6722/Z3bgiVf8+XI5T6w7VcHkv01Q4kXXujk3biMV9Wi/Tjnd1lSHp5hRBHQMS9+6rRUVg==",
      "license": "ISC",
      "dependencies": {
        "pareto-core-types": "^0.15.0"
      }
    },
    "node_modules/res-pareto-foreach": {
      "version": "0.22.0",
      "resolved": "https://registry.npmjs.org/res-pareto-foreach/-/res-pareto-foreach-0.22.0.tgz",
      "integrity": "sha512-QnEW1z7uB4QMPEbuUNlCkIjPbchqEb4sgZL+WzrSWsZxvHjUuQpun0LRocSGcdlN8Ga0afcr3Xs0Unqzi9p/bQ==",
      "license": "TBD",
      "dependencies": {
        "pareto-core-internals": "^0.19.2",
        "res-pareto-collation": "^0.39.0"
      }
    },
    "node_modules/res-pareto-foreach/node_modules/pareto-core-internals": {
      "version": "0.19.2",
      "resolved": "https://registry.npmjs.org/pareto-core-internals/-/pareto-core-internals-0.19.2.tgz",
      "integrity": "sha512-xlQeRYuHIN/d2ycc6722/Z3bgiVf8+XI5T6w7VcHkv01Q4kXXujk3biMV9Wi/Tjnd1lSHp5hRBHQMS9+6rRUVg==",
      "license": "ISC",
      "dependencies": {
        "pareto-core-types": "^0.15.0"
      }
    },
    "node_modules/res-pareto-main": {
      "version": "0.37.0",
      "resolved": "https://registry.npmjs.org/res-pareto-main/-/res-pareto-main-0.37.0.tgz",
      "integrity": "sha512-jQb+uHdi9kdTqZ2tYpR5mYlztfx+ZqcYJdWBGR9RhDZ2dss4wtxS5Yk4J2hg3+Bs3p8oPSH11sQCp3y/9w4r3A==",
      "license": "TBD",
      "dependencies": {
        "glo-pareto-common": "^0.32.0",
        "pareto-core-internals": "^0.19.2"
      }
    },
    "node_modules/res-pareto-main/node_modules/pareto-core-internals": {
      "version": "0.19.2",
      "resolved": "https://registry.npmjs.org/pareto-core-internals/-/pareto-core-internals-0.19.2.tgz",
      "integrity": "sha512-xlQeRYuHIN/d2ycc6722/Z3bgiVf8+XI5T6w7VcHkv01Q4kXXujk3biMV9Wi/Tjnd1lSHp5hRBHQMS9+6rRUVg==",
      "license": "ISC",
      "dependencies": {
        "pareto-core-types": "^0.15.0"
      }
    }
  }
}
